{
  "name": "@chmpr/map-draw",
  "version": "1.0.1",
  "lockfileVersion": 3,
  "requires": true,
  "packages": {
    "": {
      "name": "@chmpr/map-draw",
      "version": "1.0.1",
      "license": "MIT",
      "dependencies": {
        "@chmpr/map-tips": "^1.0.0",
        "@chmpr/operator": "^1.0.0",
        "@chmpr/utils": "^1.0.1"
      }
    },
    "../../node_modules/.pnpm/@turf+helpers@6.5.0/node_modules/@turf/helpers": {
      "version": "6.5.0",
      "license": "MIT",
      "devDependencies": {
        "@types/tape": "*",
        "benchmark": "*",
        "npm-run-all": "*",
        "tape": "*",
        "ts-node": "*",
        "tslint": "*",
        "typescript": "*"
      },
      "funding": {
        "url": "https://opencollective.com/turf"
      }
    },
    "../../node_modules/.pnpm/@turf+transform-rotate@6.5.0/node_modules/@turf/transform-rotate": {
      "version": "6.5.0",
      "license": "MIT",
      "dependencies": {
        "@turf/centroid": "^6.5.0",
        "@turf/clone": "^6.5.0",
        "@turf/helpers": "^6.5.0",
        "@turf/invariant": "^6.5.0",
        "@turf/meta": "^6.5.0",
        "@turf/rhumb-bearing": "^6.5.0",
        "@turf/rhumb-destination": "^6.5.0",
        "@turf/rhumb-distance": "^6.5.0"
      },
      "devDependencies": {
        "@turf/truncate": "^6.5.0",
        "benchmark": "*",
        "load-json-file": "*",
        "npm-run-all": "*",
        "rollup": "*",
        "tape": "*",
        "write-json-file": "*"
      },
      "funding": {
        "url": "https://opencollective.com/turf"
      }
    },
    "../../node_modules/.pnpm/@turf+transform-scale@6.5.0/node_modules/@turf/transform-scale": {
      "version": "6.5.0",
      "license": "MIT",
      "dependencies": {
        "@turf/bbox": "^6.5.0",
        "@turf/center": "^6.5.0",
        "@turf/centroid": "^6.5.0",
        "@turf/clone": "^6.5.0",
        "@turf/helpers": "^6.5.0",
        "@turf/invariant": "^6.5.0",
        "@turf/meta": "^6.5.0",
        "@turf/rhumb-bearing": "^6.5.0",
        "@turf/rhumb-destination": "^6.5.0",
        "@turf/rhumb-distance": "^6.5.0"
      },
      "devDependencies": {
        "@turf/bbox-polygon": "^6.5.0",
        "@turf/hex-grid": "^6.5.0",
        "@turf/truncate": "^6.5.0",
        "benchmark": "*",
        "load-json-file": "*",
        "npm-run-all": "*",
        "rollup": "*",
        "tape": "*",
        "write-json-file": "*"
      },
      "funding": {
        "url": "https://opencollective.com/turf"
      }
    },
    "../../node_modules/.pnpm/deep-copy@1.4.2/node_modules/deep-copy": {
      "version": "1.4.2",
      "license": "MIT",
      "devDependencies": {
        "coveralls": "^2.11.15",
        "istanbul": "^0.4.5",
        "mocha": "^3.2.0"
      },
      "engines": {
        "node": ">=4.0.0"
      }
    },
    "../draggable": {
      "name": "@chmpr/draggable",
      "version": "1.0.0",
      "license": "MIT"
    },
    "../map-tips": {
      "name": "@chmpr/map-tips",
      "version": "1.0.1",
      "license": "MIT",
      "dependencies": {
        "@chmpr/map-draw": "workspace:^"
      }
    },
    "../map-tips/node_modules/@chmpr/map-draw": {
      "resolved": "",
      "link": true
    },
    "../operator": {
      "name": "@chmpr/operator",
      "version": "1.0.0",
      "license": "MIT",
      "dependencies": {
        "@chmpr/draggable": "workspace:^",
        "@chmpr/map-draw": "workspace:^",
        "@chmpr/utils": "workspace:^",
        "@turf/helpers": "^6.5.0",
        "@turf/transform-rotate": "^6.5.0",
        "@turf/transform-scale": "^6.5.0",
        "deep-copy": "^1.4.2"
      }
    },
    "../operator/node_modules/@chmpr/draggable": {
      "resolved": "../draggable",
      "link": true
    },
    "../operator/node_modules/@chmpr/map-draw": {
      "resolved": "",
      "link": true
    },
    "../operator/node_modules/@chmpr/utils": {
      "resolved": "../utils",
      "link": true
    },
    "../operator/node_modules/@turf/helpers": {
      "resolved": "../../node_modules/.pnpm/@turf+helpers@6.5.0/node_modules/@turf/helpers",
      "link": true
    },
    "../operator/node_modules/@turf/transform-rotate": {
      "resolved": "../../node_modules/.pnpm/@turf+transform-rotate@6.5.0/node_modules/@turf/transform-rotate",
      "link": true
    },
    "../operator/node_modules/@turf/transform-scale": {
      "resolved": "../../node_modules/.pnpm/@turf+transform-scale@6.5.0/node_modules/@turf/transform-scale",
      "link": true
    },
    "../operator/node_modules/deep-copy": {
      "resolved": "../../node_modules/.pnpm/deep-copy@1.4.2/node_modules/deep-copy",
      "link": true
    },
    "../utils": {
      "name": "@chmpr/utils",
      "version": "1.0.1",
      "license": "MIT"
    },
    "node_modules/@chmpr/map-tips": {
      "resolved": "../map-tips",
      "link": true
    },
    "node_modules/@chmpr/operator": {
      "resolved": "../operator",
      "link": true
    },
    "node_modules/@chmpr/utils": {
      "resolved": "../utils",
      "link": true
    }
  }
}
